
Microsoft Visual Studio Solution File, Format Version 12.00
# Visual Studio Version 16
VisualStudioVersion = 16.0.30907.101
MinimumVisualStudioVersion = 10.0.40219.1
Project("{FAE04EC0-301F-11D3-BF4B-00C04F79EFBC}") = "Yurtotomasyon", "Yurtotomasyon\Yurtotomasyon.csproj", "{CBA2D29A-8748-4F6D-B08F-B80DD8592D88}"
EndProject
Global
	GlobalSection(SolutionConfigurationPlatforms) = preSolution
		Debug|Any CPU = Debug|Any CPU
		Release|Any CPU = Release|Any CPU
	EndGlobalSection
	GlobalSection(ProjectConfigurationPlatforms) = postSolution
		{CBA2D29A-8748-4F6D-B08F-B80DD8592D88}.Debug|Any CPU.ActiveCfg = Debug|Any CPU
		{CBA2D29A-8748-4F6D-B08F-B80DD8592D88}.Debug|Any CPU.Build.0 = Debug|Any CPU
		{CBA2D29A-8748-4F6D-B08F-B80DD8592D88}.Release|Any CPU.ActiveCfg = Release|Any CPU
		{CBA2D29A-8748-4F6D-B08F-B80DD8592D88}.Release|Any CPU.Build.0 = Release|Any CPU
	EndGlobalSection
	GlobalSection(SolutionProperties) = preSolution
		HideSolutionNode = FALSE
	EndGlobalSection
	GlobalSection(ExtensibilityGlobals) = postSolution
		SolutionGuid = {DD0C41FE-D811-4028-B17D-A758C51A8D33}
	EndGlobalSection
EndGlobal
